
Microsoft Visual Studio Solution File, Format Version 12.00
# Visual Studio Version 17
VisualStudioVersion = 17.8.34525.116
MinimumVisualStudioVersion = 10.0.40219.1
Project("{FAE04EC0-301F-11D3-BF4B-00C04F79EFBC}") = "METODOS_INGRESAR", "METODOS_INGRESAR\METODOS_INGRESAR.csproj", "{CC8360D0-23D2-43F9-94A8-3C00CC820DC6}"
EndProject
Project("{FAE04EC0-301F-11D3-BF4B-00C04F79EFBC}") = "Aplicacion", "Aplicacion\Aplicacion.csproj", "{A9005833-1109-428B-B519-0CD59D6FBED7}"
EndProject
Global
	GlobalSection(SolutionConfigurationPlatforms) = preSolution
		Debug|Any CPU = Debug|Any CPU
		Release|Any CPU = Release|Any CPU
	EndGlobalSection
	GlobalSection(ProjectConfigurationPlatforms) = postSolution
		{CC8360D0-23D2-43F9-94A8-3C00CC820DC6}.Debug|Any CPU.ActiveCfg = Debug|Any CPU
		{CC8360D0-23D2-43F9-94A8-3C00CC820DC6}.Debug|Any CPU.Build.0 = Debug|Any CPU
		{CC8360D0-23D2-43F9-94A8-3C00CC820DC6}.Release|Any CPU.ActiveCfg = Release|Any CPU
		{CC8360D0-23D2-43F9-94A8-3C00CC820DC6}.Release|Any CPU.Build.0 = Release|Any CPU
		{A9005833-1109-428B-B519-0CD59D6FBED7}.Debug|Any CPU.ActiveCfg = Debug|Any CPU
		{A9005833-1109-428B-B519-0CD59D6FBED7}.Debug|Any CPU.Build.0 = Debug|Any CPU
		{A9005833-1109-428B-B519-0CD59D6FBED7}.Release|Any CPU.ActiveCfg = Release|Any CPU
		{A9005833-1109-428B-B519-0CD59D6FBED7}.Release|Any CPU.Build.0 = Release|Any CPU
	EndGlobalSection
	GlobalSection(SolutionProperties) = preSolution
		HideSolutionNode = FALSE
	EndGlobalSection
	GlobalSection(ExtensibilityGlobals) = postSolution
		SolutionGuid = {A7BC6EF3-848A-4F30-8312-B954B23871C1}
	EndGlobalSection
EndGlobal
